
Microsoft Visual Studio Solution File, Format Version 12.00
# Visual Studio Version 18
VisualStudioVersion = 18.0.11205.157
MinimumVisualStudioVersion = 10.0.40219.1
Project("{FAE04EC0-301F-11D3-BF4B-00C04F79EFBC}") = "ImageAutomate.Core", "ImageAutomate.Core\ImageAutomate.Core.csproj", "{F17BB4D3-561B-465C-AD00-8A2364D06079}"
EndProject
Project("{FAE04EC0-301F-11D3-BF4B-00C04F79EFBC}") = "ImageAutomate.StandardBlocks", "ImageAutomate.StandardBlocks\ImageAutomate.StandardBlocks.csproj", "{E8DB3E93-8117-4696-A7C0-077873946663}"
EndProject
Project("{FAE04EC0-301F-11D3-BF4B-00C04F79EFBC}") = "ImageAutomate.UI", "ImageAutomate.UI\ImageAutomate.UI.csproj", "{33BFEDE9-ACCD-4F12-A8BB-4DF9860CA80C}"
EndProject
Project("{FAE04EC0-301F-11D3-BF4B-00C04F79EFBC}") = "ImageAutomate.Execution", "ImageAutomate.Execution\ImageAutomate.Execution.csproj", "{C4B8A6DB-729C-46FE-A6BC-C501394AC34F}"
EndProject
Project("{FAE04EC0-301F-11D3-BF4B-00C04F79EFBC}") = "ImageAutomate", "ImageAutomate\ImageAutomate.csproj", "{8300A090-AF06-4F8D-9D02-7F386B06E344}"
EndProject
Project("{FAE04EC0-301F-11D3-BF4B-00C04F79EFBC}") = "ImageAutomate.Execution.Tests", "ImageAutomate.Execution.Tests\ImageAutomate.Execution.Tests.csproj", "{F50417ED-DB8C-CB50-7DEC-2E11FABD3009}"
EndProject
Project("{FAE04EC0-301F-11D3-BF4B-00C04F79EFBC}") = "ImageAutomate.Execution.MemoryAndAccessTests", "ImageAutomate.Execution.MemoryAndAccessTests\ImageAutomate.Execution.MemoryAndAccessTests.csproj", "{1EA08A1B-F8D0-6525-B5E2-64156BF3E3EF}"
EndProject
Project("{FAE04EC0-301F-11D3-BF4B-00C04F79EFBC}") = "ImageAutomate.StandardBlocks.Tests", "ImageAutomate.StandardBlocks.Tests\ImageAutomate.StandardBlocks.Tests.csproj", "{33652F40-50D5-254C-C7B7-017C46C7EB23}"
EndProject
Project("{FAE04EC0-301F-11D3-BF4B-00C04F79EFBC}") = "ImageAutomate.Infrastructure", "ImageAutomate.Infrastructure\ImageAutomate.Infrastructure.csproj", "{838BB081-41D4-4C0C-A99F-F3D422268136}"
EndProject
Global
	GlobalSection(SolutionConfigurationPlatforms) = preSolution
		Debug|Any CPU = Debug|Any CPU
		Debug|x64 = Debug|x64
		Debug|x86 = Debug|x86
		Release|Any CPU = Release|Any CPU
		Release|x64 = Release|x64
		Release|x86 = Release|x86
	EndGlobalSection
	GlobalSection(ProjectConfigurationPlatforms) = postSolution
		{F17BB4D3-561B-465C-AD00-8A2364D06079}.Debug|Any CPU.ActiveCfg = Debug|Any CPU
		{F17BB4D3-561B-465C-AD00-8A2364D06079}.Debug|Any CPU.Build.0 = Debug|Any CPU
		{F17BB4D3-561B-465C-AD00-8A2364D06079}.Debug|x64.ActiveCfg = Debug|Any CPU
		{F17BB4D3-561B-465C-AD00-8A2364D06079}.Debug|x64.Build.0 = Debug|Any CPU
		{F17BB4D3-561B-465C-AD00-8A2364D06079}.Debug|x86.ActiveCfg = Debug|Any CPU
		{F17BB4D3-561B-465C-AD00-8A2364D06079}.Debug|x86.Build.0 = Debug|Any CPU
		{F17BB4D3-561B-465C-AD00-8A2364D06079}.Release|Any CPU.ActiveCfg = Release|Any CPU
		{F17BB4D3-561B-465C-AD00-8A2364D06079}.Release|Any CPU.Build.0 = Release|Any CPU
		{F17BB4D3-561B-465C-AD00-8A2364D06079}.Release|x64.ActiveCfg = Release|Any CPU
		{F17BB4D3-561B-465C-AD00-8A2364D06079}.Release|x64.Build.0 = Release|Any CPU
		{F17BB4D3-561B-465C-AD00-8A2364D06079}.Release|x86.ActiveCfg = Release|Any CPU
		{F17BB4D3-561B-465C-AD00-8A2364D06079}.Release|x86.Build.0 = Release|Any CPU
		{E8DB3E93-8117-4696-A7C0-077873946663}.Debug|Any CPU.ActiveCfg = Debug|Any CPU
		{E8DB3E93-8117-4696-A7C0-077873946663}.Debug|Any CPU.Build.0 = Debug|Any CPU
		{E8DB3E93-8117-4696-A7C0-077873946663}.Debug|x64.ActiveCfg = Debug|Any CPU
		{E8DB3E93-8117-4696-A7C0-077873946663}.Debug|x64.Build.0 = Debug|Any CPU
		{E8DB3E93-8117-4696-A7C0-077873946663}.Debug|x86.ActiveCfg = Debug|Any CPU
		{E8DB3E93-8117-4696-A7C0-077873946663}.Debug|x86.Build.0 = Debug|Any CPU
		{E8DB3E93-8117-4696-A7C0-077873946663}.Release|Any CPU.ActiveCfg = Release|Any CPU
		{E8DB3E93-8117-4696-A7C0-077873946663}.Release|Any CPU.Build.0 = Release|Any CPU
		{E8DB3E93-8117-4696-A7C0-077873946663}.Release|x64.ActiveCfg = Release|Any CPU
		{E8DB3E93-8117-4696-A7C0-077873946663}.Release|x64.Build.0 = Release|Any CPU
		{E8DB3E93-8117-4696-A7C0-077873946663}.Release|x86.ActiveCfg = Release|Any CPU
		{E8DB3E93-8117-4696-A7C0-077873946663}.Release|x86.Build.0 = Release|Any CPU
		{33BFEDE9-ACCD-4F12-A8BB-4DF9860CA80C}.Debug|Any CPU.ActiveCfg = Debug|Any CPU
		{33BFEDE9-ACCD-4F12-A8BB-4DF9860CA80C}.Debug|Any CPU.Build.0 = Debug|Any CPU
		{33BFEDE9-ACCD-4F12-A8BB-4DF9860CA80C}.Debug|x64.ActiveCfg = Debug|Any CPU
		{33BFEDE9-ACCD-4F12-A8BB-4DF9860CA80C}.Debug|x64.Build.0 = Debug|Any CPU
		{33BFEDE9-ACCD-4F12-A8BB-4DF9860CA80C}.Debug|x86.ActiveCfg = Debug|Any CPU
		{33BFEDE9-ACCD-4F12-A8BB-4DF9860CA80C}.Debug|x86.Build.0 = Debug|Any CPU
		{33BFEDE9-ACCD-4F12-A8BB-4DF9860CA80C}.Release|Any CPU.ActiveCfg = Release|Any CPU
		{33BFEDE9-ACCD-4F12-A8BB-4DF9860CA80C}.Release|Any CPU.Build.0 = Release|Any CPU
		{33BFEDE9-ACCD-4F12-A8BB-4DF9860CA80C}.Release|x64.ActiveCfg = Release|Any CPU
		{33BFEDE9-ACCD-4F12-A8BB-4DF9860CA80C}.Release|x64.Build.0 = Release|Any CPU
		{33BFEDE9-ACCD-4F12-A8BB-4DF9860CA80C}.Release|x86.ActiveCfg = Release|Any CPU
		{33BFEDE9-ACCD-4F12-A8BB-4DF9860CA80C}.Release|x86.Build.0 = Release|Any CPU
		{C4B8A6DB-729C-46FE-A6BC-C501394AC34F}.Debug|Any CPU.ActiveCfg = Debug|Any CPU
		{C4B8A6DB-729C-46FE-A6BC-C501394AC34F}.Debug|Any CPU.Build.0 = Debug|Any CPU
		{C4B8A6DB-729C-46FE-A6BC-C501394AC34F}.Debug|x64.ActiveCfg = Debug|Any CPU
		{C4B8A6DB-729C-46FE-A6BC-C501394AC34F}.Debug|x64.Build.0 = Debug|Any CPU
		{C4B8A6DB-729C-46FE-A6BC-C501394AC34F}.Debug|x86.ActiveCfg = Debug|Any CPU
		{C4B8A6DB-729C-46FE-A6BC-C501394AC34F}.Debug|x86.Build.0 = Debug|Any CPU
		{C4B8A6DB-729C-46FE-A6BC-C501394AC34F}.Release|Any CPU.ActiveCfg = Release|Any CPU
		{C4B8A6DB-729C-46FE-A6BC-C501394AC34F}.Release|Any CPU.Build.0 = Release|Any CPU
		{C4B8A6DB-729C-46FE-A6BC-C501394AC34F}.Release|x64.ActiveCfg = Release|Any CPU
		{C4B8A6DB-729C-46FE-A6BC-C501394AC34F}.Release|x64.Build.0 = Release|Any CPU
		{C4B8A6DB-729C-46FE-A6BC-C501394AC34F}.Release|x86.ActiveCfg = Release|Any CPU
		{C4B8A6DB-729C-46FE-A6BC-C501394AC34F}.Release|x86.Build.0 = Release|Any CPU
		{8300A090-AF06-4F8D-9D02-7F386B06E344}.Debug|Any CPU.ActiveCfg = Debug|Any CPU
		{8300A090-AF06-4F8D-9D02-7F386B06E344}.Debug|Any CPU.Build.0 = Debug|Any CPU
		{8300A090-AF06-4F8D-9D02-7F386B06E344}.Debug|x64.ActiveCfg = Debug|Any CPU
		{8300A090-AF06-4F8D-9D02-7F386B06E344}.Debug|x64.Build.0 = Debug|Any CPU
		{8300A090-AF06-4F8D-9D02-7F386B06E344}.Debug|x86.ActiveCfg = Debug|Any CPU
		{8300A090-AF06-4F8D-9D02-7F386B06E344}.Debug|x86.Build.0 = Debug|Any CPU
		{8300A090-AF06-4F8D-9D02-7F386B06E344}.Release|Any CPU.ActiveCfg = Release|Any CPU
		{8300A090-AF06-4F8D-9D02-7F386B06E344}.Release|Any CPU.Build.0 = Release|Any CPU
		{8300A090-AF06-4F8D-9D02-7F386B06E344}.Release|x64.ActiveCfg = Release|Any CPU
		{8300A090-AF06-4F8D-9D02-7F386B06E344}.Release|x64.Build.0 = Release|Any CPU
		{8300A090-AF06-4F8D-9D02-7F386B06E344}.Release|x86.ActiveCfg = Release|Any CPU
		{8300A090-AF06-4F8D-9D02-7F386B06E344}.Release|x86.Build.0 = Release|Any CPU
		{F50417ED-DB8C-CB50-7DEC-2E11FABD3009}.Debug|Any CPU.ActiveCfg = Debug|Any CPU
		{F50417ED-DB8C-CB50-7DEC-2E11FABD3009}.Debug|Any CPU.Build.0 = Debug|Any CPU
		{F50417ED-DB8C-CB50-7DEC-2E11FABD3009}.Debug|x64.ActiveCfg = Debug|Any CPU
		{F50417ED-DB8C-CB50-7DEC-2E11FABD3009}.Debug|x64.Build.0 = Debug|Any CPU
		{F50417ED-DB8C-CB50-7DEC-2E11FABD3009}.Debug|x86.ActiveCfg = Debug|Any CPU
		{F50417ED-DB8C-CB50-7DEC-2E11FABD3009}.Debug|x86.Build.0 = Debug|Any CPU
		{F50417ED-DB8C-CB50-7DEC-2E11FABD3009}.Release|Any CPU.ActiveCfg = Release|Any CPU
		{F50417ED-DB8C-CB50-7DEC-2E11FABD3009}.Release|Any CPU.Build.0 = Release|Any CPU
		{F50417ED-DB8C-CB50-7DEC-2E11FABD3009}.Release|x64.ActiveCfg = Release|Any CPU
		{F50417ED-DB8C-CB50-7DEC-2E11FABD3009}.Release|x64.Build.0 = Release|Any CPU
		{F50417ED-DB8C-CB50-7DEC-2E11FABD3009}.Release|x86.ActiveCfg = Release|Any CPU
		{F50417ED-DB8C-CB50-7DEC-2E11FABD3009}.Release|x86.Build.0 = Release|Any CPU
		{1EA08A1B-F8D0-6525-B5E2-64156BF3E3EF}.Debug|Any CPU.ActiveCfg = Debug|Any CPU
		{1EA08A1B-F8D0-6525-B5E2-64156BF3E3EF}.Debug|Any CPU.Build.0 = Debug|Any CPU
		{1EA08A1B-F8D0-6525-B5E2-64156BF3E3EF}.Debug|x64.ActiveCfg = Debug|Any CPU
		{1EA08A1B-F8D0-6525-B5E2-64156BF3E3EF}.Debug|x64.Build.0 = Debug|Any CPU
		{1EA08A1B-F8D0-6525-B5E2-64156BF3E3EF}.Debug|x86.ActiveCfg = Debug|Any CPU
		{1EA08A1B-F8D0-6525-B5E2-64156BF3E3EF}.Debug|x86.Build.0 = Debug|Any CPU
		{1EA08A1B-F8D0-6525-B5E2-64156BF3E3EF}.Release|Any CPU.ActiveCfg = Release|Any CPU
		{1EA08A1B-F8D0-6525-B5E2-64156BF3E3EF}.Release|Any CPU.Build.0 = Release|Any CPU
		{1EA08A1B-F8D0-6525-B5E2-64156BF3E3EF}.Release|x64.ActiveCfg = Release|Any CPU
		{1EA08A1B-F8D0-6525-B5E2-64156BF3E3EF}.Release|x64.Build.0 = Release|Any CPU
		{1EA08A1B-F8D0-6525-B5E2-64156BF3E3EF}.Release|x86.ActiveCfg = Release|Any CPU
		{1EA08A1B-F8D0-6525-B5E2-64156BF3E3EF}.Release|x86.Build.0 = Release|Any CPU
		{33652F40-50D5-254C-C7B7-017C46C7EB23}.Debug|Any CPU.ActiveCfg = Debug|Any CPU
		{33652F40-50D5-254C-C7B7-017C46C7EB23}.Debug|Any CPU.Build.0 = Debug|Any CPU
		{33652F40-50D5-254C-C7B7-017C46C7EB23}.Debug|x64.ActiveCfg = Debug|Any CPU
		{33652F40-50D5-254C-C7B7-017C46C7EB23}.Debug|x64.Build.0 = Debug|Any CPU
		{33652F40-50D5-254C-C7B7-017C46C7EB23}.Debug|x86.ActiveCfg = Debug|Any CPU
		{33652F40-50D5-254C-C7B7-017C46C7EB23}.Debug|x86.Build.0 = Debug|Any CPU
		{33652F40-50D5-254C-C7B7-017C46C7EB23}.Release|Any CPU.ActiveCfg = Release|Any CPU
		{33652F40-50D5-254C-C7B7-017C46C7EB23}.Release|Any CPU.Build.0 = Release|Any CPU
		{33652F40-50D5-254C-C7B7-017C46C7EB23}.Release|x64.ActiveCfg = Release|Any CPU
		{33652F40-50D5-254C-C7B7-017C46C7EB23}.Release|x64.Build.0 = Release|Any CPU
		{33652F40-50D5-254C-C7B7-017C46C7EB23}.Release|x86.ActiveCfg = Release|Any CPU
		{33652F40-50D5-254C-C7B7-017C46C7EB23}.Release|x86.Build.0 = Release|Any CPU
		{838BB081-41D4-4C0C-A99F-F3D422268136}.Debug|Any CPU.ActiveCfg = Debug|Any CPU
		{838BB081-41D4-4C0C-A99F-F3D422268136}.Debug|Any CPU.Build.0 = Debug|Any CPU
		{838BB081-41D4-4C0C-A99F-F3D422268136}.Debug|x64.ActiveCfg = Debug|Any CPU
		{838BB081-41D4-4C0C-A99F-F3D422268136}.Debug|x64.Build.0 = Debug|Any CPU
		{838BB081-41D4-4C0C-A99F-F3D422268136}.Debug|x86.ActiveCfg = Debug|Any CPU
		{838BB081-41D4-4C0C-A99F-F3D422268136}.Debug|x86.Build.0 = Debug|Any CPU
		{838BB081-41D4-4C0C-A99F-F3D422268136}.Release|Any CPU.ActiveCfg = Release|Any CPU
		{838BB081-41D4-4C0C-A99F-F3D422268136}.Release|Any CPU.Build.0 = Release|Any CPU
		{838BB081-41D4-4C0C-A99F-F3D422268136}.Release|x64.ActiveCfg = Release|Any CPU
		{838BB081-41D4-4C0C-A99F-F3D422268136}.Release|x64.Build.0 = Release|Any CPU
		{838BB081-41D4-4C0C-A99F-F3D422268136}.Release|x86.ActiveCfg = Release|Any CPU
		{838BB081-41D4-4C0C-A99F-F3D422268136}.Release|x86.Build.0 = Release|Any CPU
	EndGlobalSection
	GlobalSection(SolutionProperties) = preSolution
		HideSolutionNode = FALSE
	EndGlobalSection
	GlobalSection(ExtensibilityGlobals) = postSolution
		SolutionGuid = {F8AD4AAA-E2F4-4071-B073-53AE2B1400F4}
	EndGlobalSection
EndGlobal
