Microsoft Visual Studio Solution File, Format Version 12.00
# Visual Studio Version 18
VisualStudioVersion = 18.0.11205.157
MinimumVisualStudioVersion = 10.0.40219.1
Project("{FAE04EC0-301F-11D3-BF4B-00C04F79EFBC}") = "ImageAutomate.Core", "ImageAutomate.Core\ImageAutomate.Core.csproj", "{F17BB4D3-561B-465C-AD00-8A2364D06079}"
EndProject
Project("{FAE04EC0-301F-11D3-BF4B-00C04F79EFBC}") = "Scratch", "Scratch\Scratch.csproj", "{E7D95E8B-2C0E-4835-9D1E-17E5EB7E2082}"
EndProject
Project("{FAE04EC0-301F-11D3-BF4B-00C04F79EFBC}") = "Stub_Extension_A", "Stub_Extension_A\Stub_Extension_A.csproj", "{75029D6A-5406-2172-AE7C-21DD36A72604}"
EndProject
Project("{FAE04EC0-301F-11D3-BF4B-00C04F79EFBC}") = "Stub_Extension_B", "Stub_Extension_B\Stub_Extension_B.csproj", "{7B27E059-3F39-90A1-9FE2-26638C5533FA}"
EndProject
Project("{FAE04EC0-301F-11D3-BF4B-00C04F79EFBC}") = "ImageAutomate.StandardBlocks", "ImageAutomate.StandardBlocks\ImageAutomate.StandardBlocks.csproj", "{E8DB3E93-8117-4696-A7C0-077873946663}"
EndProject
Project("{FAE04EC0-301F-11D3-BF4B-00C04F79EFBC}") = "ImageAutomate.UI", "ImageAutomate.UI\ImageAutomate.UI.csproj", "{33BFEDE9-ACCD-4F12-A8BB-4DF9860CA80C}"
EndProject
Project("{FAE04EC0-301F-11D3-BF4B-00C04F79EFBC}") = "FormsScratch", "FormsScratch\FormsScratch.csproj", "{D08F59F5-4609-4333-B233-1EC7421C67AF}"
EndProject
Project("{FAE04EC0-301F-11D3-BF4B-00C04F79EFBC}") = "ImageAutomate.Execution", "ImageAutomate.Execution\ImageAutomate.Execution.csproj", "{C4B8A6DB-729C-46FE-A6BC-C501394AC34F}"
EndProject
Project("{FAE04EC0-301F-11D3-BF4B-00C04F79EFBC}") = "ImageAutomate.Execution.Tests", "ImageAutomate.Execution.Tests\ImageAutomate.Execution.Tests.csproj", "{F2142ADE-1444-4E47-9728-B6A658798F27}"
EndProject
Project("{FAE04EC0-301F-11D3-BF4B-00C04F79EFBC}") = "ImageAutomate.Execution.MemoryAndAccessTests", "ImageAutomate.Execution.MemoryAndAccessTests\ImageAutomate.Execution.MemoryAndAccessTests.csproj", "{BBB549CE-07A7-4F39-B3C7-AC30E16EF285}"
EndProject
Project("{FAE04EC0-301F-11D3-BF4B-00C04F79EFBC}") = "ImageAutomate.StandardBlocks.Tests", "ImageAutomate.StandardBlocks.Tests\ImageAutomate.StandardBlocks.Tests.csproj", "{7F94B3C6-69D3-4F44-993B-CB322C36DE42}"
EndProject
Global
	GlobalSection(SolutionConfigurationPlatforms) = preSolution
		Debug|Any CPU = Debug|Any CPU
		Debug|x64 = Debug|x64
		Debug|x86 = Debug|x86
		Release|Any CPU = Release|Any CPU
		Release|x64 = Release|x64
		Release|x86 = Release|x86
	EndGlobalSection
	GlobalSection(ProjectConfigurationPlatforms) = postSolution
		{F17BB4D3-561B-465C-AD00-8A2364D06079}.Debug|Any CPU.ActiveCfg = Debug|Any CPU
		{F17BB4D3-561B-465C-AD00-8A2364D06079}.Debug|Any CPU.Build.0 = Debug|Any CPU
		{F17BB4D3-561B-465C-AD00-8A2364D06079}.Debug|x64.ActiveCfg = Debug|Any CPU
		{F17BB4D3-561B-465C-AD00-8A2364D06079}.Debug|x64.Build.0 = Debug|Any CPU
		{F17BB4D3-561B-465C-AD00-8A2364D06079}.Debug|x86.ActiveCfg = Debug|Any CPU
		{F17BB4D3-561B-465C-AD00-8A2364D06079}.Debug|x86.Build.0 = Debug|Any CPU
		{F17BB4D3-561B-465C-AD00-8A2364D06079}.Release|Any CPU.ActiveCfg = Release|Any CPU
		{F17BB4D3-561B-465C-AD00-8A2364D06079}.Release|Any CPU.Build.0 = Release|Any CPU
		{F17BB4D3-561B-465C-AD00-8A2364D06079}.Release|x64.ActiveCfg = Release|Any CPU
		{F17BB4D3-561B-465C-AD00-8A2364D06079}.Release|x64.Build.0 = Release|Any CPU
		{F17BB4D3-561B-465C-AD00-8A2364D06079}.Release|x86.ActiveCfg = Release|Any CPU
		{F17BB4D3-561B-465C-AD00-8A2364D06079}.Release|x86.Build.0 = Release|Any CPU
		{E7D95E8B-2C0E-4835-9D1E-17E5EB7E2082}.Debug|Any CPU.ActiveCfg = Debug|Any CPU
		{E7D95E8B-2C0E-4835-9D1E-17E5EB7E2082}.Debug|Any CPU.Build.0 = Debug|Any CPU
		{E7D95E8B-2C0E-4835-9D1E-17E5EB7E2082}.Debug|x64.ActiveCfg = Debug|Any CPU
		{E7D95E8B-2C0E-4835-9D1E-17E5EB7E2082}.Debug|x64.Build.0 = Debug|Any CPU
		{E7D95E8B-2C0E-4835-9D1E-17E5EB7E2082}.Debug|x86.ActiveCfg = Debug|Any CPU
		{E7D95E8B-2C0E-4835-9D1E-17E5EB7E2082}.Debug|x86.Build.0 = Debug|Any CPU
		{E7D95E8B-2C0E-4835-9D1E-17E5EB7E2082}.Release|Any CPU.ActiveCfg = Release|Any CPU
		{E7D95E8B-2C0E-4835-9D1E-17E5EB7E2082}.Release|Any CPU.Build.0 = Release|Any CPU
		{E7D95E8B-2C0E-4835-9D1E-17E5EB7E2082}.Release|x64.ActiveCfg = Release|Any CPU
		{E7D95E8B-2C0E-4835-9D1E-17E5EB7E2082}.Release|x64.Build.0 = Release|Any CPU
		{E7D95E8B-2C0E-4835-9D1E-17E5EB7E2082}.Release|x86.ActiveCfg = Release|Any CPU
		{E7D95E8B-2C0E-4835-9D1E-17E5EB7E2082}.Release|x86.Build.0 = Release|Any CPU
		{75029D6A-5406-2172-AE7C-21DD36A72604}.Debug|Any CPU.ActiveCfg = Debug|Any CPU
		{75029D6A-5406-2172-AE7C-21DD36A72604}.Debug|Any CPU.Build.0 = Debug|Any CPU
		{75029D6A-5406-2172-AE7C-21DD36A72604}.Debug|x64.ActiveCfg = Debug|Any CPU
		{75029D6A-5406-2172-AE7C-21DD36A72604}.Debug|x64.Build.0 = Debug|Any CPU
		{75029D6A-5406-2172-AE7C-21DD36A72604}.Debug|x86.ActiveCfg = Debug|Any CPU
		{75029D6A-5406-2172-AE7C-21DD36A72604}.Debug|x86.Build.0 = Debug|Any CPU
		{75029D6A-5406-2172-AE7C-21DD36A72604}.Release|Any CPU.ActiveCfg = Release|Any CPU
		{75029D6A-5406-2172-AE7C-21DD36A72604}.Release|Any CPU.Build.0 = Release|Any CPU
		{75029D6A-5406-2172-AE7C-21DD36A72604}.Release|x64.ActiveCfg = Release|Any CPU
		{75029D6A-5406-2172-AE7C-21DD36A72604}.Release|x64.Build.0 = Release|Any CPU
		{75029D6A-5406-2172-AE7C-21DD36A72604}.Release|x86.ActiveCfg = Release|Any CPU
		{75029D6A-5406-2172-AE7C-21DD36A72604}.Release|x86.Build.0 = Release|Any CPU
		{7B27E059-3F39-90A1-9FE2-26638C5533FA}.Debug|Any CPU.ActiveCfg = Debug|Any CPU
		{7B27E059-3F39-90A1-9FE2-26638C5533FA}.Debug|Any CPU.Build.0 = Debug|Any CPU
		{7B27E059-3F39-90A1-9FE2-26638C5533FA}.Debug|x64.ActiveCfg = Debug|Any CPU
		{7B27E059-3F39-90A1-9FE2-26638C5533FA}.Debug|x64.Build.0 = Debug|Any CPU
		{7B27E059-3F39-90A1-9FE2-26638C5533FA}.Debug|x86.ActiveCfg = Debug|Any CPU
		{7B27E059-3F39-90A1-9FE2-26638C5533FA}.Debug|x86.Build.0 = Debug|Any CPU
		{7B27E059-3F39-90A1-9FE2-26638C5533FA}.Release|Any CPU.ActiveCfg = Release|Any CPU
		{7B27E059-3F39-90A1-9FE2-26638C5533FA}.Release|Any CPU.Build.0 = Release|Any CPU
		{7B27E059-3F39-90A1-9FE2-26638C5533FA}.Release|x64.ActiveCfg = Release|Any CPU
		{7B27E059-3F39-90A1-9FE2-26638C5533FA}.Release|x64.Build.0 = Release|Any CPU
		{7B27E059-3F39-90A1-9FE2-26638C5533FA}.Release|x86.ActiveCfg = Release|Any CPU
		{7B27E059-3F39-90A1-9FE2-26638C5533FA}.Release|x86.Build.0 = Release|Any CPU
		{E8DB3E93-8117-4696-A7C0-077873946663}.Debug|Any CPU.ActiveCfg = Debug|Any CPU
		{E8DB3E93-8117-4696-A7C0-077873946663}.Debug|Any CPU.Build.0 = Debug|Any CPU
		{E8DB3E93-8117-4696-A7C0-077873946663}.Debug|x64.ActiveCfg = Debug|Any CPU
		{E8DB3E93-8117-4696-A7C0-077873946663}.Debug|x64.Build.0 = Debug|Any CPU
		{E8DB3E93-8117-4696-A7C0-077873946663}.Debug|x86.ActiveCfg = Debug|Any CPU
		{E8DB3E93-8117-4696-A7C0-077873946663}.Debug|x86.Build.0 = Debug|Any CPU
		{E8DB3E93-8117-4696-A7C0-077873946663}.Release|Any CPU.ActiveCfg = Release|Any CPU
		{E8DB3E93-8117-4696-A7C0-077873946663}.Release|Any CPU.Build.0 = Release|Any CPU
		{E8DB3E93-8117-4696-A7C0-077873946663}.Release|x64.ActiveCfg = Release|Any CPU
		{E8DB3E93-8117-4696-A7C0-077873946663}.Release|x64.Build.0 = Release|Any CPU
		{E8DB3E93-8117-4696-A7C0-077873946663}.Release|x86.ActiveCfg = Release|Any CPU
		{E8DB3E93-8117-4696-A7C0-077873946663}.Release|x86.Build.0 = Release|Any CPU
		{33BFEDE9-ACCD-4F12-A8BB-4DF9860CA80C}.Debug|Any CPU.ActiveCfg = Debug|Any CPU
		{33BFEDE9-ACCD-4F12-A8BB-4DF9860CA80C}.Debug|Any CPU.Build.0 = Debug|Any CPU
		{33BFEDE9-ACCD-4F12-A8BB-4DF9860CA80C}.Debug|x64.ActiveCfg = Debug|Any CPU
		{33BFEDE9-ACCD-4F12-A8BB-4DF9860CA80C}.Debug|x64.Build.0 = Debug|Any CPU
		{33BFEDE9-ACCD-4F12-A8BB-4DF9860CA80C}.Debug|x86.ActiveCfg = Debug|Any CPU
		{33BFEDE9-ACCD-4F12-A8BB-4DF9860CA80C}.Debug|x86.Build.0 = Debug|Any CPU
		{33BFEDE9-ACCD-4F12-A8BB-4DF9860CA80C}.Release|Any CPU.ActiveCfg = Release|Any CPU
		{33BFEDE9-ACCD-4F12-A8BB-4DF9860CA80C}.Release|Any CPU.Build.0 = Release|Any CPU
		{33BFEDE9-ACCD-4F12-A8BB-4DF9860CA80C}.Release|x64.ActiveCfg = Release|Any CPU
		{33BFEDE9-ACCD-4F12-A8BB-4DF9860CA80C}.Release|x64.Build.0 = Release|Any CPU
		{33BFEDE9-ACCD-4F12-A8BB-4DF9860CA80C}.Release|x86.ActiveCfg = Release|Any CPU
		{33BFEDE9-ACCD-4F12-A8BB-4DF9860CA80C}.Release|x86.Build.0 = Release|Any CPU
		{D08F59F5-4609-4333-B233-1EC7421C67AF}.Debug|Any CPU.ActiveCfg = Debug|Any CPU
		{D08F59F5-4609-4333-B233-1EC7421C67AF}.Debug|Any CPU.Build.0 = Debug|Any CPU
		{D08F59F5-4609-4333-B233-1EC7421C67AF}.Debug|x64.ActiveCfg = Debug|Any CPU
		{D08F59F5-4609-4333-B233-1EC7421C67AF}.Debug|x64.Build.0 = Debug|Any CPU
		{D08F59F5-4609-4333-B233-1EC7421C67AF}.Debug|x86.ActiveCfg = Debug|Any CPU
		{D08F59F5-4609-4333-B233-1EC7421C67AF}.Debug|x86.Build.0 = Debug|Any CPU
		{D08F59F5-4609-4333-B233-1EC7421C67AF}.Release|Any CPU.ActiveCfg = Release|Any CPU
		{D08F59F5-4609-4333-B233-1EC7421C67AF}.Release|Any CPU.Build.0 = Release|Any CPU
		{D08F59F5-4609-4333-B233-1EC7421C67AF}.Release|x64.ActiveCfg = Release|Any CPU
		{D08F59F5-4609-4333-B233-1EC7421C67AF}.Release|x64.Build.0 = Release|Any CPU
		{D08F59F5-4609-4333-B233-1EC7421C67AF}.Release|x86.ActiveCfg = Release|Any CPU
		{D08F59F5-4609-4333-B233-1EC7421C67AF}.Release|x86.Build.0 = Release|Any CPU
		{C4B8A6DB-729C-46FE-A6BC-C501394AC34F}.Debug|Any CPU.ActiveCfg = Debug|Any CPU
		{C4B8A6DB-729C-46FE-A6BC-C501394AC34F}.Debug|Any CPU.Build.0 = Debug|Any CPU
		{C4B8A6DB-729C-46FE-A6BC-C501394AC34F}.Debug|x64.ActiveCfg = Debug|Any CPU
		{C4B8A6DB-729C-46FE-A6BC-C501394AC34F}.Debug|x64.Build.0 = Debug|Any CPU
		{C4B8A6DB-729C-46FE-A6BC-C501394AC34F}.Debug|x86.ActiveCfg = Debug|Any CPU
		{C4B8A6DB-729C-46FE-A6BC-C501394AC34F}.Debug|x86.Build.0 = Debug|Any CPU
		{C4B8A6DB-729C-46FE-A6BC-C501394AC34F}.Release|Any CPU.ActiveCfg = Release|Any CPU
		{C4B8A6DB-729C-46FE-A6BC-C501394AC34F}.Release|Any CPU.Build.0 = Release|Any CPU
		{C4B8A6DB-729C-46FE-A6BC-C501394AC34F}.Release|x64.ActiveCfg = Release|Any CPU
		{C4B8A6DB-729C-46FE-A6BC-C501394AC34F}.Release|x64.Build.0 = Release|Any CPU
		{C4B8A6DB-729C-46FE-A6BC-C501394AC34F}.Release|x86.ActiveCfg = Release|Any CPU
		{C4B8A6DB-729C-46FE-A6BC-C501394AC34F}.Release|x86.Build.0 = Release|Any CPU
		{F2142ADE-1444-4E47-9728-B6A658798F27}.Debug|Any CPU.ActiveCfg = Debug|Any CPU
		{F2142ADE-1444-4E47-9728-B6A658798F27}.Debug|Any CPU.Build.0 = Debug|Any CPU
		{F2142ADE-1444-4E47-9728-B6A658798F27}.Debug|x64.ActiveCfg = Debug|Any CPU
		{F2142ADE-1444-4E47-9728-B6A658798F27}.Debug|x64.Build.0 = Debug|Any CPU
		{F2142ADE-1444-4E47-9728-B6A658798F27}.Debug|x86.ActiveCfg = Debug|Any CPU
		{F2142ADE-1444-4E47-9728-B6A658798F27}.Debug|x86.Build.0 = Debug|Any CPU
		{F2142ADE-1444-4E47-9728-B6A658798F27}.Release|Any CPU.ActiveCfg = Release|Any CPU
		{F2142ADE-1444-4E47-9728-B6A658798F27}.Release|Any CPU.Build.0 = Release|Any CPU
		{F2142ADE-1444-4E47-9728-B6A658798F27}.Release|x64.ActiveCfg = Release|Any CPU
		{F2142ADE-1444-4E47-9728-B6A658798F27}.Release|x64.Build.0 = Release|Any CPU
		{F2142ADE-1444-4E47-9728-B6A658798F27}.Release|x86.ActiveCfg = Release|Any CPU
		{F2142ADE-1444-4E47-9728-B6A658798F27}.Release|x86.Build.0 = Release|Any CPU
		{BBB549CE-07A7-4F39-B3C7-AC30E16EF285}.Debug|Any CPU.ActiveCfg = Debug|Any CPU
		{BBB549CE-07A7-4F39-B3C7-AC30E16EF285}.Debug|Any CPU.Build.0 = Debug|Any CPU
		{BBB549CE-07A7-4F39-B3C7-AC30E16EF285}.Debug|x64.ActiveCfg = Debug|Any CPU
		{BBB549CE-07A7-4F39-B3C7-AC30E16EF285}.Debug|x64.Build.0 = Debug|Any CPU
		{BBB549CE-07A7-4F39-B3C7-AC30E16EF285}.Debug|x86.ActiveCfg = Debug|Any CPU
		{BBB549CE-07A7-4F39-B3C7-AC30E16EF285}.Debug|x86.Build.0 = Debug|Any CPU
		{BBB549CE-07A7-4F39-B3C7-AC30E16EF285}.Release|Any CPU.ActiveCfg = Release|Any CPU
		{BBB549CE-07A7-4F39-B3C7-AC30E16EF285}.Release|Any CPU.Build.0 = Release|Any CPU
		{BBB549CE-07A7-4F39-B3C7-AC30E16EF285}.Release|x64.ActiveCfg = Release|Any CPU
		{BBB549CE-07A7-4F39-B3C7-AC30E16EF285}.Release|x64.Build.0 = Release|Any CPU
		{BBB549CE-07A7-4F39-B3C7-AC30E16EF285}.Release|x86.ActiveCfg = Release|Any CPU
		{BBB549CE-07A7-4F39-B3C7-AC30E16EF285}.Release|x86.Build.0 = Release|Any CPU
		{7F94B3C6-69D3-4F44-993B-CB322C36DE42}.Debug|Any CPU.ActiveCfg = Debug|Any CPU
		{7F94B3C6-69D3-4F44-993B-CB322C36DE42}.Debug|Any CPU.Build.0 = Debug|Any CPU
		{7F94B3C6-69D3-4F44-993B-CB322C36DE42}.Debug|x64.ActiveCfg = Debug|Any CPU
		{7F94B3C6-69D3-4F44-993B-CB322C36DE42}.Debug|x64.Build.0 = Debug|Any CPU
		{7F94B3C6-69D3-4F44-993B-CB322C36DE42}.Debug|x86.ActiveCfg = Debug|Any CPU
		{7F94B3C6-69D3-4F44-993B-CB322C36DE42}.Debug|x86.Build.0 = Debug|Any CPU
		{7F94B3C6-69D3-4F44-993B-CB322C36DE42}.Release|Any CPU.ActiveCfg = Release|Any CPU
		{7F94B3C6-69D3-4F44-993B-CB322C36DE42}.Release|Any CPU.Build.0 = Release|Any CPU
		{7F94B3C6-69D3-4F44-993B-CB322C36DE42}.Release|x64.ActiveCfg = Release|Any CPU
		{7F94B3C6-69D3-4F44-993B-CB322C36DE42}.Release|x64.Build.0 = Release|Any CPU
		{7F94B3C6-69D3-4F44-993B-CB322C36DE42}.Release|x86.ActiveCfg = Release|Any CPU
		{7F94B3C6-69D3-4F44-993B-CB322C36DE42}.Release|x86.Build.0 = Release|Any CPU
	EndGlobalSection
	GlobalSection(SolutionProperties) = preSolution
		HideSolutionNode = FALSE
	EndGlobalSection
	GlobalSection(ExtensibilityGlobals) = postSolution
		SolutionGuid = {F8AD4AAA-E2F4-4071-B073-53AE2B1400F4}
	EndGlobalSection
EndGlobal
